{
  "version": "5",
  "specifiers": {
    "jsr:@fresh/build-id@1": "1.0.1",
    "jsr:@fresh/core@^2.2.0": "2.2.0",
    "jsr:@std/assert@^1.0.14": "1.0.16",
    "jsr:@std/encoding@^1.0.10": "1.0.10",
    "jsr:@std/expect@1": "1.0.17",
    "jsr:@std/fmt@^1.0.8": "1.0.8",
    "jsr:@std/fs@^1.0.19": "1.0.20",
    "jsr:@std/html@^1.0.5": "1.0.5",
    "jsr:@std/http@^1.0.21": "1.0.22",
    "jsr:@std/http@^1.0.22": "1.0.22",
    "jsr:@std/internal@^1.0.10": "1.0.12",
    "jsr:@std/internal@^1.0.12": "1.0.12",
    "jsr:@std/jsonc@1": "1.0.2",
    "jsr:@std/path@1": "1.1.3",
    "jsr:@std/path@^1.1.2": "1.1.3",
    "jsr:@std/path@^1.1.3": "1.1.3",
    "npm:@opentelemetry/api@^1.9.0": "1.9.0",
    "npm:@preact/signals@^2.2.1": "2.5.1_preact@10.27.2",
    "npm:preact-render-to-string@^6.6.3": "6.6.3_preact@10.27.2",
    "npm:preact@^10.27.2": "10.27.2"
  },
  "jsr": {
    "@fresh/build-id@1.0.1": {
      "integrity": "12a2ec25fd52ae9ec68c26848a5696cd1c9b537f7c983c7e56e4fb1e7e816c20",
      "dependencies": [
        "jsr:@std/encoding"
      ]
    },
    "@fresh/core@2.2.0": {
      "integrity": "b3c00f82288a2c4c8ec85e4abb67b080b366ec5971860f2f2898eb281ea1a80f",
      "dependencies": [
        "jsr:@fresh/build-id",
        "jsr:@std/fmt",
        "jsr:@std/fs",
        "jsr:@std/html",
        "jsr:@std/http@^1.0.21",
        "jsr:@std/path@^1.1.2",
        "npm:@opentelemetry/api",
        "npm:@preact/signals",
        "npm:preact",
        "npm:preact-render-to-string"
      ]
    },
    "@std/assert@1.0.16": {
      "integrity": "6a7272ed1eaa77defe76e5ff63ca705d9c495077e2d5fd0126d2b53fc5bd6532",
      "dependencies": [
        "jsr:@std/internal@^1.0.12"
      ]
    },
    "@std/encoding@1.0.10": {
      "integrity": "8783c6384a2d13abd5e9e87a7ae0520a30e9f56aeeaa3bdf910a3eaaf5c811a1"
    },
    "@std/expect@1.0.17": {
      "integrity": "316b47dd65c33e3151344eb3267bf42efba17d1415425f07ed96185d67fc04d9",
      "dependencies": [
        "jsr:@std/assert",
        "jsr:@std/internal@^1.0.10"
      ]
    },
    "@std/fmt@1.0.8": {
      "integrity": "71e1fc498787e4434d213647a6e43e794af4fd393ef8f52062246e06f7e372b7"
    },
    "@std/fs@1.0.20": {
      "integrity": "e953206aae48d46ee65e8783ded459f23bec7dd1f3879512911c35e5484ea187",
      "dependencies": [
        "jsr:@std/path@^1.1.3"
      ]
    },
    "@std/html@1.0.5": {
      "integrity": "4e2d693f474cae8c16a920fa5e15a3b72267b94b84667f11a50c6dd1cb18d35e"
    },
    "@std/http@1.0.22": {
      "integrity": "53f0bb70e23a2eec3e17c4240a85bb23d185b2e20635adb37ce0f03cc4ca012a"
    },
    "@std/internal@1.0.12": {
      "integrity": "972a634fd5bc34b242024402972cd5143eac68d8dffaca5eaa4dba30ce17b027"
    },
    "@std/jsonc@1.0.2": {
      "integrity": "909605dae3af22bd75b1cbda8d64a32cf1fd2cf6efa3f9e224aba6d22c0f44c7"
    },
    "@std/path@1.1.3": {
      "integrity": "b015962d82a5e6daea980c32b82d2c40142149639968549c649031a230b1afb3",
      "dependencies": [
        "jsr:@std/internal@^1.0.12"
      ]
    }
  },
  "npm": {
    "@opentelemetry/api@1.9.0": {
      "integrity": "sha512-3giAOQvZiH5F9bMlMiv8+GSPMeqg0dbaeo58/0SlA9sxSqZhnUtxzX9/2FzyhS9sWQf5S0GJE0AKBrFqjpeYcg=="
    },
    "@preact/signals-core@1.12.1": {
      "integrity": "sha512-BwbTXpj+9QutoZLQvbttRg5x3l5468qaV2kufh+51yha1c53ep5dY4kTuZR35+3pAZxpfQerGJiQqg34ZNZ6uA=="
    },
    "@preact/signals@2.5.1_preact@10.27.2": {
      "integrity": "sha512-VPjk5YFt7i11Fi4UK0tzaEe5xLwfhUxXL3l89ocxQ5aPz7bRo8M5+N73LjBMPklyXKYKz6YsNo4Smp8n6nplng==",
      "dependencies": [
        "@preact/signals-core",
        "preact"
      ]
    },
    "preact-render-to-string@6.6.3_preact@10.27.2": {
      "integrity": "sha512-7oHG7jzjriqsFPkSPiPnzrQ0GcxFm6wOkYWNdStK5Ks9YlWSQQXKGBRAX4nKDdqX7HAQuRvI4pZNZMycK4WwDw==",
      "dependencies": [
        "preact"
      ]
    },
    "preact@10.27.2": {
      "integrity": "sha512-5SYSgFKSyhCbk6SrXyMpqjb5+MQBgfvEKE/OC+PujcY34sOpqtr+0AZQtPYx5IA6VxynQ7rUPCtKzyovpj9Bpg=="
    }
  },
  "workspace": {
    "members": {
      "session": {
        "dependencies": [
          "jsr:@fresh/core@^2.2.0",
          "jsr:@std/http@^1.0.22"
        ]
      }
    }
  }
}
